
Microsoft Visual Studio Solution File, Format Version 12.00
# Visual Studio Version 17
VisualStudioVersion = 17.1.32407.343
MinimumVisualStudioVersion = 10.0.40219.1
Project("{FAE04EC0-301F-11D3-BF4B-00C04F79EFBC}") = "pryVelezFunesEmpresa", "pryVelezFunesEmpresa.csproj", "{9F23D354-D404-44D2-9349-383E77168DEB}"
EndProject
Global
	GlobalSection(SolutionConfigurationPlatforms) = preSolution
		Debug|Any CPU = Debug|Any CPU
		Release|Any CPU = Release|Any CPU
	EndGlobalSection
	GlobalSection(ProjectConfigurationPlatforms) = postSolution
		{9F23D354-D404-44D2-9349-383E77168DEB}.Debug|Any CPU.ActiveCfg = Debug|Any CPU
		{9F23D354-D404-44D2-9349-383E77168DEB}.Debug|Any CPU.Build.0 = Debug|Any CPU
		{9F23D354-D404-44D2-9349-383E77168DEB}.Release|Any CPU.ActiveCfg = Release|Any CPU
		{9F23D354-D404-44D2-9349-383E77168DEB}.Release|Any CPU.Build.0 = Release|Any CPU
	EndGlobalSection
	GlobalSection(SolutionProperties) = preSolution
		HideSolutionNode = FALSE
	EndGlobalSection
	GlobalSection(ExtensibilityGlobals) = postSolution
		SolutionGuid = {C5D04EE9-D0C7-4740-AD31-A90E51EBBE7F}
	EndGlobalSection
EndGlobal
